// !$*UTF8*$!
{
	archiveVersion = 1;
	classes = {
	};
	objectVersion = 56;
	objects = {

/* Begin PBXBuildFile section */
		3E4F69122BD0DA7400B6D996 /* MontraDevAppApp.swift in Sources */ = {isa = PBXBuildFile; fileRef = 3E4F69112BD0DA7400B6D996 /* MontraDevAppApp.swift */; };
		3E4F69142BD0DA7400B6D996 /* ContentView.swift in Sources */ = {isa = PBXBuildFile; fileRef = 3E4F69132BD0DA7400B6D996 /* ContentView.swift */; };
		3E4F69162BD0DA7500B6D996 /* Assets.xcassets in Resources */ = {isa = PBXBuildFile; fileRef = 3E4F69152BD0DA7500B6D996 /* Assets.xcassets */; };
		3E4F69192BD0DA7500B6D996 /* Preview Assets.xcassets in Resources */ = {isa = PBXBuildFile; fileRef = 3E4F69182BD0DA7500B6D996 /* Preview Assets.xcassets */; };
		3E4F69242BD0DB4800B6D996 /* LaunchScreen.storyboard in Resources */ = {isa = PBXBuildFile; fileRef = 3E4F69232BD0DB4800B6D996 /* LaunchScreen.storyboard */; };
		3E4F692F2BD0F92000B6D996 /* Inter-Medium.ttf in Resources */ = {isa = PBXBuildFile; fileRef = 3E4F69262BD0F92000B6D996 /* Inter-Medium.ttf */; };
		3E4F69302BD0F92000B6D996 /* Inter-SemiBold.ttf in Resources */ = {isa = PBXBuildFile; fileRef = 3E4F69272BD0F92000B6D996 /* Inter-SemiBold.ttf */; };
		3E4F69312BD0F92000B6D996 /* Inter-Black.ttf in Resources */ = {isa = PBXBuildFile; fileRef = 3E4F69282BD0F92000B6D996 /* Inter-Black.ttf */; };
		3E4F69322BD0F92000B6D996 /* Inter-Light.ttf in Resources */ = {isa = PBXBuildFile; fileRef = 3E4F69292BD0F92000B6D996 /* Inter-Light.ttf */; };
		3E4F69332BD0F92000B6D996 /* Inter-ExtraBold.ttf in Resources */ = {isa = PBXBuildFile; fileRef = 3E4F692A2BD0F92000B6D996 /* Inter-ExtraBold.ttf */; };
		3E4F69342BD0F92000B6D996 /* Inter-ExtraLight.ttf in Resources */ = {isa = PBXBuildFile; fileRef = 3E4F692B2BD0F92000B6D996 /* Inter-ExtraLight.ttf */; };
		3E4F69352BD0F92000B6D996 /* Inter-Regular.ttf in Resources */ = {isa = PBXBuildFile; fileRef = 3E4F692C2BD0F92000B6D996 /* Inter-Regular.ttf */; };
		3E4F69362BD0F92000B6D996 /* Inter-Bold.ttf in Resources */ = {isa = PBXBuildFile; fileRef = 3E4F692D2BD0F92000B6D996 /* Inter-Bold.ttf */; };
		3E4F69372BD0F92000B6D996 /* Inter-Thin.ttf in Resources */ = {isa = PBXBuildFile; fileRef = 3E4F692E2BD0F92000B6D996 /* Inter-Thin.ttf */; };
		3E4F693B2BD0FC7300B6D996 /* Onboarding.swift in Sources */ = {isa = PBXBuildFile; fileRef = 3E4F693A2BD0FC7300B6D996 /* Onboarding.swift */; };
		3E4F693E2BD0FEF700B6D996 /* OnboardingSingleView.swift in Sources */ = {isa = PBXBuildFile; fileRef = 3E4F693D2BD0FEF700B6D996 /* OnboardingSingleView.swift */; };
		3E4F69402BD1015600B6D996 /* OnboardingView.swift in Sources */ = {isa = PBXBuildFile; fileRef = 3E4F693F2BD1015600B6D996 /* OnboardingView.swift */; };
		3E4F69422BD105E300B6D996 /* CustomDotIndicator.swift in Sources */ = {isa = PBXBuildFile; fileRef = 3E4F69412BD105E300B6D996 /* CustomDotIndicator.swift */; };
/* End PBXBuildFile section */

/* Begin PBXFileReference section */
		3E4F690E2BD0DA7400B6D996 /* MontraDevApp.app */ = {isa = PBXFileReference; explicitFileType = wrapper.application; includeInIndex = 0; path = MontraDevApp.app; sourceTree = BUILT_PRODUCTS_DIR; };
		3E4F69112BD0DA7400B6D996 /* MontraDevAppApp.swift */ = {isa = PBXFileReference; lastKnownFileType = sourcecode.swift; path = MontraDevAppApp.swift; sourceTree = "<group>"; };
		3E4F69132BD0DA7400B6D996 /* ContentView.swift */ = {isa = PBXFileReference; lastKnownFileType = sourcecode.swift; path = ContentView.swift; sourceTree = "<group>"; };
		3E4F69152BD0DA7500B6D996 /* Assets.xcassets */ = {isa = PBXFileReference; lastKnownFileType = folder.assetcatalog; path = Assets.xcassets; sourceTree = "<group>"; };
		3E4F69182BD0DA7500B6D996 /* Preview Assets.xcassets */ = {isa = PBXFileReference; lastKnownFileType = folder.assetcatalog; path = "Preview Assets.xcassets"; sourceTree = "<group>"; };
		3E4F69232BD0DB4800B6D996 /* LaunchScreen.storyboard */ = {isa = PBXFileReference; lastKnownFileType = file.storyboard; path = LaunchScreen.storyboard; sourceTree = "<group>"; };
		3E4F69262BD0F92000B6D996 /* Inter-Medium.ttf */ = {isa = PBXFileReference; lastKnownFileType = file; path = "Inter-Medium.ttf"; sourceTree = "<group>"; };
		3E4F69272BD0F92000B6D996 /* Inter-SemiBold.ttf */ = {isa = PBXFileReference; lastKnownFileType = file; path = "Inter-SemiBold.ttf"; sourceTree = "<group>"; };
		3E4F69282BD0F92000B6D996 /* Inter-Black.ttf */ = {isa = PBXFileReference; lastKnownFileType = file; path = "Inter-Black.ttf"; sourceTree = "<group>"; };
		3E4F69292BD0F92000B6D996 /* Inter-Light.ttf */ = {isa = PBXFileReference; lastKnownFileType = file; path = "Inter-Light.ttf"; sourceTree = "<group>"; };
		3E4F692A2BD0F92000B6D996 /* Inter-ExtraBold.ttf */ = {isa = PBXFileReference; lastKnownFileType = file; path = "Inter-ExtraBold.ttf"; sourceTree = "<group>"; };
		3E4F692B2BD0F92000B6D996 /* Inter-ExtraLight.ttf */ = {isa = PBXFileReference; lastKnownFileType = file; path = "Inter-ExtraLight.ttf"; sourceTree = "<group>"; };
		3E4F692C2BD0F92000B6D996 /* Inter-Regular.ttf */ = {isa = PBXFileReference; lastKnownFileType = file; path = "Inter-Regular.ttf"; sourceTree = "<group>"; };
		3E4F692D2BD0F92000B6D996 /* Inter-Bold.ttf */ = {isa = PBXFileReference; lastKnownFileType = file; path = "Inter-Bold.ttf"; sourceTree = "<group>"; };
		3E4F692E2BD0F92000B6D996 /* Inter-Thin.ttf */ = {isa = PBXFileReference; lastKnownFileType = file; path = "Inter-Thin.ttf"; sourceTree = "<group>"; };
		3E4F69382BD0F9A100B6D996 /* Info.plist */ = {isa = PBXFileReference; lastKnownFileType = text.plist; path = Info.plist; sourceTree = "<group>"; };
		3E4F693A2BD0FC7300B6D996 /* Onboarding.swift */ = {isa = PBXFileReference; lastKnownFileType = sourcecode.swift; path = Onboarding.swift; sourceTree = "<group>"; };
		3E4F693D2BD0FEF700B6D996 /* OnboardingSingleView.swift */ = {isa = PBXFileReference; lastKnownFileType = sourcecode.swift; path = OnboardingSingleView.swift; sourceTree = "<group>"; };
		3E4F693F2BD1015600B6D996 /* OnboardingView.swift */ = {isa = PBXFileReference; lastKnownFileType = sourcecode.swift; path = OnboardingView.swift; sourceTree = "<group>"; };
		3E4F69412BD105E300B6D996 /* CustomDotIndicator.swift */ = {isa = PBXFileReference; lastKnownFileType = sourcecode.swift; path = CustomDotIndicator.swift; sourceTree = "<group>"; };
/* End PBXFileReference section */

/* Begin PBXFrameworksBuildPhase section */
		3E4F690B2BD0DA7400B6D996 /* Frameworks */ = {
			isa = PBXFrameworksBuildPhase;
			buildActionMask = 2147483647;
			files = (
			);
			runOnlyForDeploymentPostprocessing = 0;
		};
/* End PBXFrameworksBuildPhase section */

/* Begin PBXGroup section */
		3E4F69052BD0DA7400B6D996 = {
			isa = PBXGroup;
			children = (
				3E4F69102BD0DA7400B6D996 /* MontraDevApp */,
				3E4F690F2BD0DA7400B6D996 /* Products */,
			);
			sourceTree = "<group>";
		};
		3E4F690F2BD0DA7400B6D996 /* Products */ = {
			isa = PBXGroup;
			children = (
				3E4F690E2BD0DA7400B6D996 /* MontraDevApp.app */,
			);
			name = Products;
			sourceTree = "<group>";
		};
		3E4F69102BD0DA7400B6D996 /* MontraDevApp */ = {
			isa = PBXGroup;
			children = (
				3E4F69392BD0FC6300B6D996 /* Model */,
				3E4F69382BD0F9A100B6D996 /* Info.plist */,
				3E4F691F2BD0DA7D00B6D996 /* App */,
				3E4F69202BD0DA8300B6D996 /* View */,
				3E4F69212BD0DA8D00B6D996 /* Resources */,
				3E4F69172BD0DA7500B6D996 /* Preview Content */,
			);
			path = MontraDevApp;
			sourceTree = "<group>";
		};
		3E4F69172BD0DA7500B6D996 /* Preview Content */ = {
			isa = PBXGroup;
			children = (
				3E4F69182BD0DA7500B6D996 /* Preview Assets.xcassets */,
			);
			path = "Preview Content";
			sourceTree = "<group>";
		};
		3E4F691F2BD0DA7D00B6D996 /* App */ = {
			isa = PBXGroup;
			children = (
				3E4F69112BD0DA7400B6D996 /* MontraDevAppApp.swift */,
			);
			path = App;
			sourceTree = "<group>";
		};
		3E4F69202BD0DA8300B6D996 /* View */ = {
			isa = PBXGroup;
			children = (
				3E4F693C2BD0FEDB00B6D996 /* Component */,
				3E4F69222BD0DB1300B6D996 /* Launch */,
				3E4F69132BD0DA7400B6D996 /* ContentView.swift */,
				3E4F693F2BD1015600B6D996 /* OnboardingView.swift */,
			);
			path = View;
			sourceTree = "<group>";
		};
		3E4F69212BD0DA8D00B6D996 /* Resources */ = {
			isa = PBXGroup;
			children = (
				3E4F69252BD0F84E00B6D996 /* Font */,
				3E4F69152BD0DA7500B6D996 /* Assets.xcassets */,
			);
			path = Resources;
			sourceTree = "<group>";
		};
		3E4F69222BD0DB1300B6D996 /* Launch */ = {
			isa = PBXGroup;
			children = (
				3E4F69232BD0DB4800B6D996 /* LaunchScreen.storyboard */,
			);
			path = Launch;
			sourceTree = "<group>";
		};
		3E4F69252BD0F84E00B6D996 /* Font */ = {
			isa = PBXGroup;
			children = (
				3E4F69282BD0F92000B6D996 /* Inter-Black.ttf */,
				3E4F692D2BD0F92000B6D996 /* Inter-Bold.ttf */,
				3E4F692A2BD0F92000B6D996 /* Inter-ExtraBold.ttf */,
				3E4F692B2BD0F92000B6D996 /* Inter-ExtraLight.ttf */,
				3E4F69292BD0F92000B6D996 /* Inter-Light.ttf */,
				3E4F69262BD0F92000B6D996 /* Inter-Medium.ttf */,
				3E4F692C2BD0F92000B6D996 /* Inter-Regular.ttf */,
				3E4F69272BD0F92000B6D996 /* Inter-SemiBold.ttf */,
				3E4F692E2BD0F92000B6D996 /* Inter-Thin.ttf */,
			);
			path = Font;
			sourceTree = "<group>";
		};
		3E4F69392BD0FC6300B6D996 /* Model */ = {
			isa = PBXGroup;
			children = (
				3E4F693A2BD0FC7300B6D996 /* Onboarding.swift */,
			);
			path = Model;
			sourceTree = "<group>";
		};
		3E4F693C2BD0FEDB00B6D996 /* Component */ = {
			isa = PBXGroup;
			children = (
				3E4F693D2BD0FEF700B6D996 /* OnboardingSingleView.swift */,
				3E4F69412BD105E300B6D996 /* CustomDotIndicator.swift */,
			);
			path = Component;
			sourceTree = "<group>";
		};
/* End PBXGroup section */

/* Begin PBXNativeTarget section */
		3E4F690D2BD0DA7400B6D996 /* MontraDevApp */ = {
			isa = PBXNativeTarget;
			buildConfigurationList = 3E4F691C2BD0DA7500B6D996 /* Build configuration list for PBXNativeTarget "MontraDevApp" */;
			buildPhases = (
				3E4F690A2BD0DA7400B6D996 /* Sources */,
				3E4F690B2BD0DA7400B6D996 /* Frameworks */,
				3E4F690C2BD0DA7400B6D996 /* Resources */,
			);
			buildRules = (
			);
			dependencies = (
			);
			name = MontraDevApp;
			productName = MontraDevApp;
			productReference = 3E4F690E2BD0DA7400B6D996 /* MontraDevApp.app */;
			productType = "com.apple.product-type.application";
		};
/* End PBXNativeTarget section */

/* Begin PBXProject section */
		3E4F69062BD0DA7400B6D996 /* Project object */ = {
			isa = PBXProject;
			attributes = {
				BuildIndependentTargetsInParallel = 1;
				LastSwiftUpdateCheck = 1530;
				LastUpgradeCheck = 1530;
				TargetAttributes = {
					3E4F690D2BD0DA7400B6D996 = {
						CreatedOnToolsVersion = 15.3;
					};
				};
			};
			buildConfigurationList = 3E4F69092BD0DA7400B6D996 /* Build configuration list for PBXProject "MontraDevApp" */;
			compatibilityVersion = "Xcode 14.0";
			developmentRegion = en;
			hasScannedForEncodings = 0;
			knownRegions = (
				en,
				Base,
			);
			mainGroup = 3E4F69052BD0DA7400B6D996;
			productRefGroup = 3E4F690F2BD0DA7400B6D996 /* Products */;
			projectDirPath = "";
			projectRoot = "";
			targets = (
				3E4F690D2BD0DA7400B6D996 /* MontraDevApp */,
			);
		};
/* End PBXProject section */

/* Begin PBXResourcesBuildPhase section */
		3E4F690C2BD0DA7400B6D996 /* Resources */ = {
			isa = PBXResourcesBuildPhase;
			buildActionMask = 2147483647;
			files = (
				3E4F692F2BD0F92000B6D996 /* Inter-Medium.ttf in Resources */,
				3E4F69312BD0F92000B6D996 /* Inter-Black.ttf in Resources */,
				3E4F69362BD0F92000B6D996 /* Inter-Bold.ttf in Resources */,
				3E4F69242BD0DB4800B6D996 /* LaunchScreen.storyboard in Resources */,
				3E4F69332BD0F92000B6D996 /* Inter-ExtraBold.ttf in Resources */,
				3E4F69192BD0DA7500B6D996 /* Preview Assets.xcassets in Resources */,
				3E4F69302BD0F92000B6D996 /* Inter-SemiBold.ttf in Resources */,
				3E4F69352BD0F92000B6D996 /* Inter-Regular.ttf in Resources */,
				3E4F69372BD0F92000B6D996 /* Inter-Thin.ttf in Resources */,
				3E4F69162BD0DA7500B6D996 /* Assets.xcassets in Resources */,
				3E4F69342BD0F92000B6D996 /* Inter-ExtraLight.ttf in Resources */,
				3E4F69322BD0F92000B6D996 /* Inter-Light.ttf in Resources */,
			);
			runOnlyForDeploymentPostprocessing = 0;
		};
/* End PBXResourcesBuildPhase section */

/* Begin PBXSourcesBuildPhase section */
		3E4F690A2BD0DA7400B6D996 /* Sources */ = {
			isa = PBXSourcesBuildPhase;
			buildActionMask = 2147483647;
			files = (
				3E4F693B2BD0FC7300B6D996 /* Onboarding.swift in Sources */,
				3E4F693E2BD0FEF700B6D996 /* OnboardingSingleView.swift in Sources */,
				3E4F69422BD105E300B6D996 /* CustomDotIndicator.swift in Sources */,
				3E4F69142BD0DA7400B6D996 /* ContentView.swift in Sources */,
				3E4F69402BD1015600B6D996 /* OnboardingView.swift in Sources */,
				3E4F69122BD0DA7400B6D996 /* MontraDevAppApp.swift in Sources */,
			);
			runOnlyForDeploymentPostprocessing = 0;
		};
/* End PBXSourcesBuildPhase section */

/* Begin XCBuildConfiguration section */
		3E4F691A2BD0DA7500B6D996 /* Debug */ = {
			isa = XCBuildConfiguration;
			buildSettings = {
				ALWAYS_SEARCH_USER_PATHS = NO;
				ASSETCATALOG_COMPILER_GENERATE_SWIFT_ASSET_SYMBOL_EXTENSIONS = YES;
				CLANG_ANALYZER_NONNULL = YES;
				CLANG_ANALYZER_NUMBER_OBJECT_CONVERSION = YES_AGGRESSIVE;
				CLANG_CXX_LANGUAGE_STANDARD = "gnu++20";
				CLANG_ENABLE_MODULES = YES;
				CLANG_ENABLE_OBJC_ARC = YES;
				CLANG_ENABLE_OBJC_WEAK = YES;
				CLANG_WARN_BLOCK_CAPTURE_AUTORELEASING = YES;
				CLANG_WARN_BOOL_CONVERSION = YES;
				CLANG_WARN_COMMA = YES;
				CLANG_WARN_CONSTANT_CONVERSION = YES;
				CLANG_WARN_DEPRECATED_OBJC_IMPLEMENTATIONS = YES;
				CLANG_WARN_DIRECT_OBJC_ISA_USAGE = YES_ERROR;
				CLANG_WARN_DOCUMENTATION_COMMENTS = YES;
				CLANG_WARN_EMPTY_BODY = YES;
				CLANG_WARN_ENUM_CONVERSION = YES;
				CLANG_WARN_INFINITE_RECURSION = YES;
				CLANG_WARN_INT_CONVERSION = YES;
				CLANG_WARN_NON_LITERAL_NULL_CONVERSION = YES;
				CLANG_WARN_OBJC_IMPLICIT_RETAIN_SELF = YES;
				CLANG_WARN_OBJC_LITERAL_CONVERSION = YES;
				CLANG_WARN_OBJC_ROOT_CLASS = YES_ERROR;
				CLANG_WARN_QUOTED_INCLUDE_IN_FRAMEWORK_HEADER = YES;
				CLANG_WARN_RANGE_LOOP_ANALYSIS = YES;
				CLANG_WARN_STRICT_PROTOTYPES = YES;
				CLANG_WARN_SUSPICIOUS_MOVE = YES;
				CLANG_WARN_UNGUARDED_AVAILABILITY = YES_AGGRESSIVE;
				CLANG_WARN_UNREACHABLE_CODE = YES;
				CLANG_WARN__DUPLICATE_METHOD_MATCH = YES;
				COPY_PHASE_STRIP = NO;
				DEBUG_INFORMATION_FORMAT = dwarf;
				ENABLE_STRICT_OBJC_MSGSEND = YES;
				ENABLE_TESTABILITY = YES;
				ENABLE_USER_SCRIPT_SANDBOXING = YES;
				GCC_C_LANGUAGE_STANDARD = gnu17;
				GCC_DYNAMIC_NO_PIC = NO;
				GCC_NO_COMMON_BLOCKS = YES;
				GCC_OPTIMIZATION_LEVEL = 0;
				GCC_PREPROCESSOR_DEFINITIONS = (
					"DEBUG=1",
					"$(inherited)",
				);
				GCC_WARN_64_TO_32_BIT_CONVERSION = YES;
				GCC_WARN_ABOUT_RETURN_TYPE = YES_ERROR;
				GCC_WARN_UNDECLARED_SELECTOR = YES;
				GCC_WARN_UNINITIALIZED_AUTOS = YES_AGGRESSIVE;
				GCC_WARN_UNUSED_FUNCTION = YES;
				GCC_WARN_UNUSED_VARIABLE = YES;
				IPHONEOS_DEPLOYMENT_TARGET = 17.4;
				LOCALIZATION_PREFERS_STRING_CATALOGS = YES;
				MTL_ENABLE_DEBUG_INFO = INCLUDE_SOURCE;
				MTL_FAST_MATH = YES;
				ONLY_ACTIVE_ARCH = YES;
				SDKROOT = iphoneos;
				SWIFT_ACTIVE_COMPILATION_CONDITIONS = "DEBUG $(inherited)";
				SWIFT_OPTIMIZATION_LEVEL = "-Onone";
			};
			name = Debug;
		};
		3E4F691B2BD0DA7500B6D996 /* Release */ = {
			isa = XCBuildConfiguration;
			buildSettings = {
				ALWAYS_SEARCH_USER_PATHS = NO;
				ASSETCATALOG_COMPILER_GENERATE_SWIFT_ASSET_SYMBOL_EXTENSIONS = YES;
				CLANG_ANALYZER_NONNULL = YES;
				CLANG_ANALYZER_NUMBER_OBJECT_CONVERSION = YES_AGGRESSIVE;
				CLANG_CXX_LANGUAGE_STANDARD = "gnu++20";
				CLANG_ENABLE_MODULES = YES;
				CLANG_ENABLE_OBJC_ARC = YES;
				CLANG_ENABLE_OBJC_WEAK = YES;
				CLANG_WARN_BLOCK_CAPTURE_AUTORELEASING = YES;
				CLANG_WARN_BOOL_CONVERSION = YES;
				CLANG_WARN_COMMA = YES;
				CLANG_WARN_CONSTANT_CONVERSION = YES;
				CLANG_WARN_DEPRECATED_OBJC_IMPLEMENTATIONS = YES;
				CLANG_WARN_DIRECT_OBJC_ISA_USAGE = YES_ERROR;
				CLANG_WARN_DOCUMENTATION_COMMENTS = YES;
				CLANG_WARN_EMPTY_BODY = YES;
				CLANG_WARN_ENUM_CONVERSION = YES;
				CLANG_WARN_INFINITE_RECURSION = YES;
				CLANG_WARN_INT_CONVERSION = YES;
				CLANG_WARN_NON_LITERAL_NULL_CONVERSION = YES;
				CLANG_WARN_OBJC_IMPLICIT_RETAIN_SELF = YES;
				CLANG_WARN_OBJC_LITERAL_CONVERSION = YES;
				CLANG_WARN_OBJC_ROOT_CLASS = YES_ERROR;
				CLANG_WARN_QUOTED_INCLUDE_IN_FRAMEWORK_HEADER = YES;
				CLANG_WARN_RANGE_LOOP_ANALYSIS = YES;
				CLANG_WARN_STRICT_PROTOTYPES = YES;
				CLANG_WARN_SUSPICIOUS_MOVE = YES;
				CLANG_WARN_UNGUARDED_AVAILABILITY = YES_AGGRESSIVE;
				CLANG_WARN_UNREACHABLE_CODE = YES;
				CLANG_WARN__DUPLICATE_METHOD_MATCH = YES;
				COPY_PHASE_STRIP = NO;
				DEBUG_INFORMATION_FORMAT = "dwarf-with-dsym";
				ENABLE_NS_ASSERTIONS = NO;
				ENABLE_STRICT_OBJC_MSGSEND = YES;
				ENABLE_USER_SCRIPT_SANDBOXING = YES;
				GCC_C_LANGUAGE_STANDARD = gnu17;
				GCC_NO_COMMON_BLOCKS = YES;
				GCC_WARN_64_TO_32_BIT_CONVERSION = YES;
				GCC_WARN_ABOUT_RETURN_TYPE = YES_ERROR;
				GCC_WARN_UNDECLARED_SELECTOR = YES;
				GCC_WARN_UNINITIALIZED_AUTOS = YES_AGGRESSIVE;
				GCC_WARN_UNUSED_FUNCTION = YES;
				GCC_WARN_UNUSED_VARIABLE = YES;
				IPHONEOS_DEPLOYMENT_TARGET = 17.4;
				LOCALIZATION_PREFERS_STRING_CATALOGS = YES;
				MTL_ENABLE_DEBUG_INFO = NO;
				MTL_FAST_MATH = YES;
				SDKROOT = iphoneos;
				SWIFT_COMPILATION_MODE = wholemodule;
				VALIDATE_PRODUCT = YES;
			};
			name = Release;
		};
		3E4F691D2BD0DA7500B6D996 /* Debug */ = {
			isa = XCBuildConfiguration;
			buildSettings = {
				ASSETCATALOG_COMPILER_APPICON_NAME = AppIcon;
				ASSETCATALOG_COMPILER_GLOBAL_ACCENT_COLOR_NAME = AccentColor;
				CODE_SIGN_STYLE = Automatic;
				CURRENT_PROJECT_VERSION = 1;
				DEVELOPMENT_ASSET_PATHS = "\"MontraDevApp/Preview Content\"";
				ENABLE_PREVIEWS = YES;
				GENERATE_INFOPLIST_FILE = YES;
				INFOPLIST_FILE = MontraDevApp/Info.plist;
				INFOPLIST_KEY_UIApplicationSceneManifest_Generation = YES;
				INFOPLIST_KEY_UIApplicationSupportsIndirectInputEvents = YES;
				INFOPLIST_KEY_UILaunchScreen_Generation = YES;
				INFOPLIST_KEY_UILaunchStoryboardName = LaunchScreen.storyboard;
				INFOPLIST_KEY_UISupportedInterfaceOrientations_iPad = "UIInterfaceOrientationPortrait UIInterfaceOrientationPortraitUpsideDown UIInterfaceOrientationLandscapeLeft UIInterfaceOrientationLandscapeRight";
				INFOPLIST_KEY_UISupportedInterfaceOrientations_iPhone = "UIInterfaceOrientationPortrait UIInterfaceOrientationLandscapeLeft UIInterfaceOrientationLandscapeRight";
				LD_RUNPATH_SEARCH_PATHS = (
					"$(inherited)",
					"@executable_path/Frameworks",
				);
				MARKETING_VERSION = 1.0;
				PRODUCT_BUNDLE_IDENTIFIER = com.bcas.MontraDevApp;
				PRODUCT_NAME = "$(TARGET_NAME)";
				SWIFT_EMIT_LOC_STRINGS = YES;
				SWIFT_VERSION = 5.0;
				TARGETED_DEVICE_FAMILY = "1,2";
			};
			name = Debug;
		};
		3E4F691E2BD0DA7500B6D996 /* Release */ = {
			isa = XCBuildConfiguration;
			buildSettings = {
				ASSETCATALOG_COMPILER_APPICON_NAME = AppIcon;
				ASSETCATALOG_COMPILER_GLOBAL_ACCENT_COLOR_NAME = AccentColor;
				CODE_SIGN_STYLE = Automatic;
				CURRENT_PROJECT_VERSION = 1;
				DEVELOPMENT_ASSET_PATHS = "\"MontraDevApp/Preview Content\"";
				ENABLE_PREVIEWS = YES;
				GENERATE_INFOPLIST_FILE = YES;
				INFOPLIST_FILE = MontraDevApp/Info.plist;
				INFOPLIST_KEY_UIApplicationSceneManifest_Generation = YES;
				INFOPLIST_KEY_UIApplicationSupportsIndirectInputEvents = YES;
				INFOPLIST_KEY_UILaunchScreen_Generation = YES;
				INFOPLIST_KEY_UILaunchStoryboardName = LaunchScreen.storyboard;
				INFOPLIST_KEY_UISupportedInterfaceOrientations_iPad = "UIInterfaceOrientationPortrait UIInterfaceOrientationPortraitUpsideDown UIInterfaceOrientationLandscapeLeft UIInterfaceOrientationLandscapeRight";
				INFOPLIST_KEY_UISupportedInterfaceOrientations_iPhone = "UIInterfaceOrientationPortrait UIInterfaceOrientationLandscapeLeft UIInterfaceOrientationLandscapeRight";
				LD_RUNPATH_SEARCH_PATHS = (
					"$(inherited)",
					"@executable_path/Frameworks",
				);
				MARKETING_VERSION = 1.0;
				PRODUCT_BUNDLE_IDENTIFIER = com.bcas.MontraDevApp;
				PRODUCT_NAME = "$(TARGET_NAME)";
				SWIFT_EMIT_LOC_STRINGS = YES;
				SWIFT_VERSION = 5.0;
				TARGETED_DEVICE_FAMILY = "1,2";
			};
			name = Release;
		};
/* End XCBuildConfiguration section */

/* Begin XCConfigurationList section */
		3E4F69092BD0DA7400B6D996 /* Build configuration list for PBXProject "MontraDevApp" */ = {
			isa = XCConfigurationList;
			buildConfigurations = (
				3E4F691A2BD0DA7500B6D996 /* Debug */,
				3E4F691B2BD0DA7500B6D996 /* Release */,
			);
			defaultConfigurationIsVisible = 0;
			defaultConfigurationName = Release;
		};
		3E4F691C2BD0DA7500B6D996 /* Build configuration list for PBXNativeTarget "MontraDevApp" */ = {
			isa = XCConfigurationList;
			buildConfigurations = (
				3E4F691D2BD0DA7500B6D996 /* Debug */,
				3E4F691E2BD0DA7500B6D996 /* Release */,
			);
			defaultConfigurationIsVisible = 0;
			defaultConfigurationName = Release;
		};
/* End XCConfigurationList section */
	};
	rootObject = 3E4F69062BD0DA7400B6D996 /* Project object */;
}
